{
  "lockfileVersion": 1,
  "configVersion": 1,
  "workspaces": {
    "": {
      "name": "atproto-spike",
      "dependencies": {
        "@atproto/api": "0.20.42",
        "jose": "6.2.3",
      },
      "devDependencies": {
        "@types/bun": "1.3.14",
        "typescript": "5.9.3",
      },
    },
  },
  "packages": {
    "@atproto/api": ["@atproto/api@0.20.42", "", { "dependencies": { "@atproto/common-web": "^0.5.10", "@atproto/lexicon": "^0.7.12", "@atproto/syntax": "^0.7.5", "@atproto/xrpc": "^0.8.11", "await-lock": "^3.0.0", "multiformats": "^13.0.0", "tlds": "^1.234.0", "zod": "^3.23.8" } }, "sha512-x86WgkHFcNqDIo8gf52npc1KvFXlIPDLAJdIhiH1uUAwiQxDw8/WU0iH3pTl1OXMKkB93kwxG0ihx0fTi5FPbw=="],

    "@atproto/common-web": ["@atproto/common-web@0.5.10", "", { "dependencies": { "@atproto/lex-data": "^0.1.7", "@atproto/lex-json": "^0.1.6", "@atproto/syntax": "^0.7.5", "zod": "^3.23.8" } }, "sha512-w4JUdsJ3VXt8ewkavYh5m/u0UbxDtFdCKhNZPEpJ0U1vcWIjDaSInIexteETDgD7fBJAhidIEi30MGz1kk49ug=="],

    "@atproto/lex-data": ["@atproto/lex-data@0.1.7", "", { "dependencies": { "multiformats": "^13.0.0", "tslib": "^2.8.1", "unicode-segmenter": "^0.14.0" } }, "sha512-kW/dPLqo/WgCLV+XESR4JKwV6c1rZWJGOfuPupZGTjEDAKoBbKXdaEzX9/1vKQYbZ9U3j0DS/n7OFFK7wBugyQ=="],

    "@atproto/lex-json": ["@atproto/lex-json@0.1.6", "", { "dependencies": { "@atproto/lex-data": "^0.1.7", "tslib": "^2.8.1" } }, "sha512-mvrAd0lbyuecIHjyld8QN6MN6CBf4j0GCxLzegsvLh0SvDf+GbYWklkcQqmITL44yFQOwmA/QNIQj0Uvh7+R/g=="],

    "@atproto/lexicon": ["@atproto/lexicon@0.7.12", "", { "dependencies": { "@atproto/common-web": "^0.5.10", "@atproto/syntax": "^0.7.5", "multiformats": "^13.0.0", "zod": "^3.23.8" } }, "sha512-bXVWXc2+ctVVUc3CEuWV9mVXRMMQcWmdzmyRE7w2Rli0B36HADU49Vvi7PWTw26zFFqumYVl9b23bW3vrzAzbg=="],

    "@atproto/syntax": ["@atproto/syntax@0.7.5", "", { "dependencies": { "iso-datestring-validator": "^2.2.2", "tslib": "^2.8.1" } }, "sha512-6vnLQK8OAzg0dO6z/xnvuXn5zMV0UMI54zbxk7G7BXhGlIlLMb1yo+JVYtAlv8Nxzr+AaFdNZ8AJt+L/QhJMFQ=="],

    "@atproto/xrpc": ["@atproto/xrpc@0.8.11", "", { "dependencies": { "@atproto/lexicon": "^0.7.12", "zod": "^3.23.8" } }, "sha512-5M38m9REQouVIA4/Gh0wqo6Vncr3QbG7rb5oqlEbqB+f77pruCk4JLDipfrOrsXH+pdnVnU2IaPXvpsSAC7Mqw=="],

    "@types/bun": ["@types/bun@1.3.14", "", { "dependencies": { "bun-types": "1.3.14" } }, "sha512-h1hFqFVcvAvD9j9K7ZW7vd82aSA+rTdznZa+5bwvCwqSB1jmmfLcbIWhOLx1/+boy/xmjgCs/OMUL8hRJSmnPw=="],

    "@types/node": ["@types/node@26.4.1", "", { "dependencies": { "undici-types": "~8.3.0" } }, "sha512-k97ENvZWtvA6yqz5/FS6a7duDgOPEeOQOc2iKS/nY6mX6qJUKtLnWzQS+Xj6tXweyj6ZcTAK2Qecetnvi9nCLA=="],

    "await-lock": ["await-lock@3.0.0", "", {}, "sha512-eO6fLiSnrJrMdjWMNK8zbVRXPs2TKJg78iKZd9wDpN3na5tcoV6EoeiOlMgk2QaAQ1gIrK1YuMsJHXWqz89tSA=="],

    "bun-types": ["bun-types@1.3.14", "", { "dependencies": { "@types/node": "*" } }, "sha512-4N0ig0fEomHt5R0KCFWjovxow98rIoRwKolrYdCcknNwMekCXRnWEUvgu5soYV8QXtVsrUD8B95MBOZGPvr6KQ=="],

    "iso-datestring-validator": ["iso-datestring-validator@2.2.2", "", {}, "sha512-yLEMkBbLZTlVQqOnQ4FiMujR6T4DEcCb1xizmvXS+OxuhwcbtynoosRzdMA69zZCShCNAbi+gJ71FxZBBXx1SA=="],

    "jose": ["jose@6.2.3", "", {}, "sha512-YYVDInQKFJfR/xa3ojUTl8c2KoTwiL1R5Wg9YCydwH0x0B9grbzlg5HC7mMjCtUJjbQ/YnGEZIhI5tCgfTb4Hw=="],

    "multiformats": ["multiformats@13.4.2", "", {}, "sha512-eh6eHCrRi1+POZ3dA+Dq1C6jhP1GNtr9CRINMb67OKzqW9I5DUuZM/3jLPlzhgpGeiNUlEGEbkCYChXMCc/8DQ=="],

    "tlds": ["tlds@1.261.0", "", { "bin": { "tlds": "bin.js" } }, "sha512-QXqwfEl9ddlGBaRFXIvNKK6OhipSiLXuRuLJX5DErz0o0Q0rYxulWLdFryTkV5PkdZct5iMInwYEGe/eR++1AA=="],

    "tslib": ["tslib@2.8.1", "", {}, "sha512-oJFu94HQb+KVduSUQL7wnpmqnfmLsOA/nAh6b6EH0wCEoK0/mPeXU6c3wKDV83MkOuHPRHtSXKKU99IBazS/2w=="],

    "typescript": ["typescript@5.9.3", "", { "bin": { "tsc": "bin/tsc", "tsserver": "bin/tsserver" } }, "sha512-jl1vZzPDinLr9eUt3J/t7V6FgNEw9QjvBPdysz9KfQDD41fQrC2Y4vKQdiaUpFT4bXlb1RHhLpp8wtm6M5TgSw=="],

    "undici-types": ["undici-types@8.3.0", "", {}, "sha512-j375ScV60dom+YkPFIfTLcOiPxkN/buHz5GobjLhixFuANaNs3C9l4GmrWqejgXWJ7BbJcFYpTEUkS1Ge8bpZQ=="],

    "unicode-segmenter": ["unicode-segmenter@0.14.5", "", {}, "sha512-jHGmj2LUuqDcX3hqY12Ql+uhUTn8huuxNZGq7GvtF6bSybzH3aFgedYu/KTzQStEgt1Ra2F3HxadNXsNjb3m3g=="],

    "zod": ["zod@3.25.76", "", {}, "sha512-gzUt/qt81nXsFGKIFcC3YnfEAx5NkunCfnDlvuBSSFS02bcXu4Lmea0AFIUwbLWxWPx3d9p8S5QoaujKcNQxcQ=="],
  }
}
